
Microsoft Visual Studio Solution File, Format Version 12.00
# Visual Studio Version 16
VisualStudioVersion = 16.0.30320.27
MinimumVisualStudioVersion = 10.0.40219.1
Project("{FAE04EC0-301F-11D3-BF4B-00C04F79EFBC}") = "WcfServiceLibrary1", "WcfServiceLibrary1\WcfServiceLibrary1.csproj", "{9BE785AB-5A7D-4152-8AB0-DDB7BAE5E13E}"
EndProject
Global
	GlobalSection(SolutionConfigurationPlatforms) = preSolution
		Debug|Any CPU = Debug|Any CPU
		Release|Any CPU = Release|Any CPU
	EndGlobalSection
	GlobalSection(ProjectConfigurationPlatforms) = postSolution
		{9BE785AB-5A7D-4152-8AB0-DDB7BAE5E13E}.Debug|Any CPU.ActiveCfg = Debug|Any CPU
		{9BE785AB-5A7D-4152-8AB0-DDB7BAE5E13E}.Debug|Any CPU.Build.0 = Debug|Any CPU
		{9BE785AB-5A7D-4152-8AB0-DDB7BAE5E13E}.Release|Any CPU.ActiveCfg = Release|Any CPU
		{9BE785AB-5A7D-4152-8AB0-DDB7BAE5E13E}.Release|Any CPU.Build.0 = Release|Any CPU
	EndGlobalSection
	GlobalSection(SolutionProperties) = preSolution
		HideSolutionNode = FALSE
	EndGlobalSection
	GlobalSection(ExtensibilityGlobals) = postSolution
		SolutionGuid = {6E3DC880-92B4-4431-B455-B15AC9B57080}
	EndGlobalSection
EndGlobal
